
Microsoft Visual Studio Solution File, Format Version 12.00
# Visual Studio Version 16
VisualStudioVersion = 16.0.32413.511
MinimumVisualStudioVersion = 10.0.40219.1
Project("{FAE04EC0-301F-11D3-BF4B-00C04F79EFBC}") = "PDF-ultrasplit", "PDF-ultrasplit\PDF-ultrasplit.csproj", "{385C6234-B061-4C33-8909-411C9A129BB2}"
EndProject
Global
	GlobalSection(SolutionConfigurationPlatforms) = preSolution
		Debug|Any CPU = Debug|Any CPU
		Release|Any CPU = Release|Any CPU
	EndGlobalSection
	GlobalSection(ProjectConfigurationPlatforms) = postSolution
		{385C6234-B061-4C33-8909-411C9A129BB2}.Debug|Any CPU.ActiveCfg = Debug|Any CPU
		{385C6234-B061-4C33-8909-411C9A129BB2}.Debug|Any CPU.Build.0 = Debug|Any CPU
		{385C6234-B061-4C33-8909-411C9A129BB2}.Release|Any CPU.ActiveCfg = Release|Any CPU
		{385C6234-B061-4C33-8909-411C9A129BB2}.Release|Any CPU.Build.0 = Release|Any CPU
	EndGlobalSection
	GlobalSection(SolutionProperties) = preSolution
		HideSolutionNode = FALSE
	EndGlobalSection
	GlobalSection(ExtensibilityGlobals) = postSolution
		SolutionGuid = {74FC631A-0D39-495D-AA1F-8DA3BD111E67}
	EndGlobalSection
EndGlobal
